Microsoft Visual Studio Solution File, Format Version 12.00
# Visual Studio Version 17
VisualStudioVersion = 17.5.2.0
MinimumVisualStudioVersion = 10.0.40219.1
Project("{FAE04EC0-301F-11D3-BF4B-00C04F79EFBC}") = "SimuladorDePatos", "SimuladorDePatos.csproj", "{8E29A244-4846-1FCC-72E9-24887BF97308}"
EndProject
Global
	GlobalSection(SolutionConfigurationPlatforms) = preSolution
		Debug|Any CPU = Debug|Any CPU
		Release|Any CPU = Release|Any CPU
	EndGlobalSection
	GlobalSection(ProjectConfigurationPlatforms) = postSolution
		{8E29A244-4846-1FCC-72E9-24887BF97308}.Debug|Any CPU.ActiveCfg = Debug|Any CPU
		{8E29A244-4846-1FCC-72E9-24887BF97308}.Debug|Any CPU.Build.0 = Debug|Any CPU
		{8E29A244-4846-1FCC-72E9-24887BF97308}.Release|Any CPU.ActiveCfg = Release|Any CPU
		{8E29A244-4846-1FCC-72E9-24887BF97308}.Release|Any CPU.Build.0 = Release|Any CPU
	EndGlobalSection
	GlobalSection(SolutionProperties) = preSolution
		HideSolutionNode = FALSE
	EndGlobalSection
	GlobalSection(ExtensibilityGlobals) = postSolution
		SolutionGuid = {F4C2D1A0-E22D-4E04-89AA-FF4C4BC6A256}
	EndGlobalSection
EndGlobal
